// !$*UTF8*$!
{
	archiveVersion = 1;
	classes = {
	};
	objectVersion = 45;
	objects = {

/* Begin PBXBuildFile section */
		1D3623260D0F684500981E51 /* PdxCitizenReportAppDelegate.m in Sources */ = {isa = PBXBuildFile; fileRef = 1D3623250D0F684500981E51 /* PdxCitizenReportAppDelegate.m */; };
		1D60589B0D05DD56006BFB54 /* main.m in Sources */ = {isa = PBXBuildFile; fileRef = 29B97316FDCFA39411CA2CEA /* main.m */; };
		28AD73880D9D96C1002E5188 /* MainWindow.xib in Resources */ = {isa = PBXBuildFile; fileRef = 28AD73870D9D96C1002E5188 /* MainWindow.xib */; };
		A70F34B31104B302006B390F /* ReportCustomCell.xib in Resources */ = {isa = PBXBuildFile; fileRef = A70F34B21104B302006B390F /* ReportCustomCell.xib */; };
		A70F34B71104B32E006B390F /* ReportCustomCell.m in Sources */ = {isa = PBXBuildFile; fileRef = A70F34B61104B32E006B390F /* ReportCustomCell.m */; };
		A763B7C21105539C000E7D1A /* ReportCommentsView.xib in Resources */ = {isa = PBXBuildFile; fileRef = A763B7C11105539C000E7D1A /* ReportCommentsView.xib */; };
		A763B7D8110553D6000E7D1A /* ReportCommentsViewController.m in Sources */ = {isa = PBXBuildFile; fileRef = A763B7D7110553D6000E7D1A /* ReportCommentsViewController.m */; };
		A764CF291100169900A77F5D /* AppLongTextViewController.m in Sources */ = {isa = PBXBuildFile; fileRef = A764CF281100169900A77F5D /* AppLongTextViewController.m */; };
		A76EC79410DBC53E00587C84 /* AppBusyView.xib in Resources */ = {isa = PBXBuildFile; fileRef = A76EC79310DBC53E00587C84 /* AppBusyView.xib */; };
		A76EC79810DBC55800587C84 /* AppBusyViewController.m in Sources */ = {isa = PBXBuildFile; fileRef = A76EC79710DBC55800587C84 /* AppBusyViewController.m */; };
		A77EEC461101461B001E7185 /* AppLongTextView.xib in Resources */ = {isa = PBXBuildFile; fileRef = A77EEC451101461B001E7185 /* AppLongTextView.xib */; };
		A79FD9E910FEC41C00D59D33 /* UIImage+Resize.m in Sources */ = {isa = PBXBuildFile; fileRef = A79FD9E810FEC41C00D59D33 /* UIImage+Resize.m */; };
		DC124B6B10DAE18600930E0E /* LocationController.m in Sources */ = {isa = PBXBuildFile; fileRef = DC124B6A10DAE18600930E0E /* LocationController.m */; };
		DC1654DA10F26253002DE5B8 /* SetReportLocationView.xib in Resources */ = {isa = PBXBuildFile; fileRef = DC1654D910F26253002DE5B8 /* SetReportLocationView.xib */; };
		DC1654DD10F26275002DE5B8 /* SetReportLocationViewController.m in Sources */ = {isa = PBXBuildFile; fileRef = DC1654DC10F26275002DE5B8 /* SetReportLocationViewController.m */; };
		DC21FA51112092AB007EA013 /* PDXBoundary.m in Sources */ = {isa = PBXBuildFile; fileRef = DC21FA50112092AB007EA013 /* PDXBoundary.m */; };
		DC28928310F666E500ED3601 /* AppSettingsViewController.m in Sources */ = {isa = PBXBuildFile; fileRef = DC28928210F666E500ED3601 /* AppSettingsViewController.m */; };
		DC2D908D10E154680040D1AD /* CRMReportDefinition.m in Sources */ = {isa = PBXBuildFile; fileRef = DC2D908C10E154680040D1AD /* CRMReportDefinition.m */; };
		DC3EED3811E6606C00929369 /* airplane.png in Resources */ = {isa = PBXBuildFile; fileRef = DC3EED1911E6606C00929369 /* airplane.png */; };
		DC3EED3911E6606C00929369 /* appIconLarge.png in Resources */ = {isa = PBXBuildFile; fileRef = DC3EED1A11E6606C00929369 /* appIconLarge.png */; };
		DC3EED3A11E6606C00929369 /* appIconSmall.png in Resources */ = {isa = PBXBuildFile; fileRef = DC3EED1B11E6606C00929369 /* appIconSmall.png */; };
		DC3EED3B11E6606C00929369 /* appIconSmall@2x.png in Resources */ = {isa = PBXBuildFile; fileRef = DC3EED1C11E6606C00929369 /* appIconSmall@2x.png */; };
		DC3EED3C11E6606C00929369 /* background.png in Resources */ = {isa = PBXBuildFile; fileRef = DC3EED1D11E6606C00929369 /* background.png */; };
		DC3EED3D11E6606C00929369 /* cancel_button_down_new.png in Resources */ = {isa = PBXBuildFile; fileRef = DC3EED1E11E6606C00929369 /* cancel_button_down_new.png */; };
		DC3EED3E11E6606C00929369 /* cancel_button_up_new.png in Resources */ = {isa = PBXBuildFile; fileRef = DC3EED1F11E6606C00929369 /* cancel_button_up_new.png */; };
		DC3EED3F11E6606C00929369 /* comments area frame.png in Resources */ = {isa = PBXBuildFile; fileRef = DC3EED2011E6606C00929369 /* comments area frame.png */; };
		DC3EED4011E6606C00929369 /* cross-hairs-small-black-cropped.png in Resources */ = {isa = PBXBuildFile; fileRef = DC3EED2111E6606C00929369 /* cross-hairs-small-black-cropped.png */; };
		DC3EED4111E6606C00929369 /* cross-hairs-small-yellow-cropped.png in Resources */ = {isa = PBXBuildFile; fileRef = DC3EED2211E6606C00929369 /* cross-hairs-small-yellow-cropped.png */; };
		DC3EED4211E6606C00929369 /* Default.png in Resources */ = {isa = PBXBuildFile; fileRef = DC3EED2311E6606C00929369 /* Default.png */; };
		DC3EED4311E6606C00929369 /* Default@2x.png in Resources */ = {isa = PBXBuildFile; fileRef = DC3EED2411E6606C00929369 /* Default@2x.png */; };
		DC3EED4411E6606C00929369 /* iconHelp.png in Resources */ = {isa = PBXBuildFile; fileRef = DC3EED2511E6606C00929369 /* iconHelp.png */; };
		DC3EED4511E6606C00929369 /* iconNewReport.png in Resources */ = {isa = PBXBuildFile; fileRef = DC3EED2611E6606C00929369 /* iconNewReport.png */; };
		DC3EED4611E6606C00929369 /* iconReportStatus.png in Resources */ = {isa = PBXBuildFile; fileRef = DC3EED2711E6606C00929369 /* iconReportStatus.png */; };
		DC3EED4711E6606C00929369 /* iconSettings.png in Resources */ = {isa = PBXBuildFile; fileRef = DC3EED2811E6606C00929369 /* iconSettings.png */; };
		DC3EED4811E6606C00929369 /* large comments area frame.png in Resources */ = {isa = PBXBuildFile; fileRef = DC3EED2911E6606C00929369 /* large comments area frame.png */; };
		DC3EED4911E6606C00929369 /* large_button_down_new.png in Resources */ = {isa = PBXBuildFile; fileRef = DC3EED2A11E6606C00929369 /* large_button_down_new.png */; };
		DC3EED4A11E6606C00929369 /* large_button_up_new.png in Resources */ = {isa = PBXBuildFile; fileRef = DC3EED2B11E6606C00929369 /* large_button_up_new.png */; };
		DC3EED4B11E6606C00929369 /* large.application.icon.jpg in Resources */ = {isa = PBXBuildFile; fileRef = DC3EED2C11E6606C00929369 /* large.application.icon.jpg */; };
		DC3EED4C11E6606C00929369 /* location-small.png in Resources */ = {isa = PBXBuildFile; fileRef = DC3EED2D11E6606C00929369 /* location-small.png */; };
		DC3EED4D11E6606C00929369 /* map.png in Resources */ = {isa = PBXBuildFile; fileRef = DC3EED2E11E6606C00929369 /* map.png */; };
		DC3EED4E11E6606C00929369 /* medium_button_down_new.png in Resources */ = {isa = PBXBuildFile; fileRef = DC3EED2F11E6606C00929369 /* medium_button_down_new.png */; };
		DC3EED4F11E6606C00929369 /* medium_button_up_new.png in Resources */ = {isa = PBXBuildFile; fileRef = DC3EED3011E6606C00929369 /* medium_button_up_new.png */; };
		DC3EED5011E6606C00929369 /* photo preview frame.png in Resources */ = {isa = PBXBuildFile; fileRef = DC3EED3111E6606C00929369 /* photo preview frame.png */; };
		DC3EED5111E6606C00929369 /* Pin.png in Resources */ = {isa = PBXBuildFile; fileRef = DC3EED3211E6606C00929369 /* Pin.png */; };
		DC3EED5211E6606C00929369 /* primary.screenshot.jpg in Resources */ = {isa = PBXBuildFile; fileRef = DC3EED3311E6606C00929369 /* primary.screenshot.jpg */; };
		DC3EED5311E6606C00929369 /* small_button_down_new.png in Resources */ = {isa = PBXBuildFile; fileRef = DC3EED3411E6606C00929369 /* small_button_down_new.png */; };
		DC3EED5411E6606C00929369 /* small_button_up_new.png in Resources */ = {isa = PBXBuildFile; fileRef = DC3EED3511E6606C00929369 /* small_button_up_new.png */; };
		DC3EED5511E6606C00929369 /* submit_button_down_new.png in Resources */ = {isa = PBXBuildFile; fileRef = DC3EED3611E6606C00929369 /* submit_button_down_new.png */; };
		DC3EED5611E6606C00929369 /* submit_button_up_new.png in Resources */ = {isa = PBXBuildFile; fileRef = DC3EED3711E6606C00929369 /* submit_button_up_new.png */; };
		DC454F0A112DA61D001F5558 /* LocationPin.m in Sources */ = {isa = PBXBuildFile; fileRef = DC454F09112DA61D001F5558 /* LocationPin.m */; };
		DC472B8810F4F3850026EE3F /* Entitlements.plist in Resources */ = {isa = PBXBuildFile; fileRef = DC472B8710F4F3850026EE3F /* Entitlements.plist */; };
		DC4AD0D61120C25300175EDC /* ReportStatusDetailView.xib in Resources */ = {isa = PBXBuildFile; fileRef = DC4AD0D51120C25300175EDC /* ReportStatusDetailView.xib */; };
		DC4AD0D91120C29800175EDC /* ReportStatusDetailViewController.m in Sources */ = {isa = PBXBuildFile; fileRef = DC4AD0D81120C29800175EDC /* ReportStatusDetailViewController.m */; };
		DC5FE23711ECD6130081EDA2 /* map@2x.png in Resources */ = {isa = PBXBuildFile; fileRef = DC5FE23311ECD6130081EDA2 /* map@2x.png */; };
		DC5FE23811ECD6130081EDA2 /* iconSettings@2x.png in Resources */ = {isa = PBXBuildFile; fileRef = DC5FE23411ECD6130081EDA2 /* iconSettings@2x.png */; };
		DC5FE23911ECD6130081EDA2 /* iconNewReport@2x.png in Resources */ = {isa = PBXBuildFile; fileRef = DC5FE23511ECD6130081EDA2 /* iconNewReport@2x.png */; };
		DC5FE23A11ECD6130081EDA2 /* iconHelp@2x.png in Resources */ = {isa = PBXBuildFile; fileRef = DC5FE23611ECD6130081EDA2 /* iconHelp@2x.png */; };
		DC63983010D2B37E00E99E79 /* NewReportView.xib in Resources */ = {isa = PBXBuildFile; fileRef = DC63982F10D2B37E00E99E79 /* NewReportView.xib */; };
		DC63986610D2BCAA00E99E79 /* ReportStatusView.xib in Resources */ = {isa = PBXBuildFile; fileRef = DC63986510D2BCAA00E99E79 /* ReportStatusView.xib */; };
		DC63987910D2BE3500E99E79 /* NewReportViewController.m in Sources */ = {isa = PBXBuildFile; fileRef = DC63987810D2BE3500E99E79 /* NewReportViewController.m */; };
		DC63987C10D2BF0400E99E79 /* ReportStatusViewController.m in Sources */ = {isa = PBXBuildFile; fileRef = DC63987B10D2BF0400E99E79 /* ReportStatusViewController.m */; };
		DC6398E110D2F06000E99E79 /* HelpViewController.m in Sources */ = {isa = PBXBuildFile; fileRef = DC6398E010D2F06000E99E79 /* HelpViewController.m */; };
		DC6398E410D2F0B700E99E79 /* HelpView.xib in Resources */ = {isa = PBXBuildFile; fileRef = DC6398E310D2F0B700E99E79 /* HelpView.xib */; };
		DC64A4EA10FCDF6600D178BD /* AppSettings.m in Sources */ = {isa = PBXBuildFile; fileRef = DC64A4E910FCDF6600D178BD /* AppSettings.m */; };
		DC6B802C11D91BF800657F94 /* Reachability.m in Sources */ = {isa = PBXBuildFile; fileRef = DC6B802B11D91BF800657F94 /* Reachability.m */; };
		DC7E8AF011236C9E00759EB4 /* ReportDetailWebView.xib in Resources */ = {isa = PBXBuildFile; fileRef = DC7E8AEF11236C9E00759EB4 /* ReportDetailWebView.xib */; };
		DC7E8AF311236CC600759EB4 /* ReportDetailWebViewController.m in Sources */ = {isa = PBXBuildFile; fileRef = DC7E8AF211236CC600759EB4 /* ReportDetailWebViewController.m */; };
		DC89948D10F66C5C00B5DF41 /* AppSettingsView.xib in Resources */ = {isa = PBXBuildFile; fileRef = DC89948C10F66C5C00B5DF41 /* AppSettingsView.xib */; };
		DC90AEEC10E2A59200FD4E88 /* DataRepository.m in Sources */ = {isa = PBXBuildFile; fileRef = DC90AEEB10E2A59200FD4E88 /* DataRepository.m */; };
		DCBCBC7110E183700001E541 /* DDXMLDocument.m in Sources */ = {isa = PBXBuildFile; fileRef = DCBCBC6710E183700001E541 /* DDXMLDocument.m */; };
		DCBCBC7210E183700001E541 /* DDXMLElement.m in Sources */ = {isa = PBXBuildFile; fileRef = DCBCBC6910E183700001E541 /* DDXMLElement.m */; };
		DCBCBC7310E183700001E541 /* DDXMLElementAdditions.m in Sources */ = {isa = PBXBuildFile; fileRef = DCBCBC6B10E183700001E541 /* DDXMLElementAdditions.m */; };
		DCBCBC7410E183700001E541 /* DDXMLNode.m in Sources */ = {isa = PBXBuildFile; fileRef = DCBCBC6D10E183700001E541 /* DDXMLNode.m */; };
		DCBCBC7510E183700001E541 /* NSStringAdditions.m in Sources */ = {isa = PBXBuildFile; fileRef = DCBCBC7010E183700001E541 /* NSStringAdditions.m */; };
		DCC755F6112B4DE50083E453 /* DisplayLocationViewController.m in Sources */ = {isa = PBXBuildFile; fileRef = DCC755F5112B4DE50083E453 /* DisplayLocationViewController.m */; };
		DCC755F8112B4E030083E453 /* DisplayLocationView.xib in Resources */ = {isa = PBXBuildFile; fileRef = DCC755F7112B4E030083E453 /* DisplayLocationView.xib */; };
		DCC75635112B57280083E453 /* DisplayImageViewController.m in Sources */ = {isa = PBXBuildFile; fileRef = DCC75634112B57280083E453 /* DisplayImageViewController.m */; };
		DCC7563B112B57580083E453 /* DisplayImageView.xib in Resources */ = {isa = PBXBuildFile; fileRef = DCC7563A112B57580083E453 /* DisplayImageView.xib */; };
		DCCBAC6E11D940AA00094271 /* libz.1.2.3.dylib in Frameworks */ = {isa = PBXBuildFile; fileRef = DCCBAC6D11D940AA00094271 /* libz.1.2.3.dylib */; };
		DCCBAC7011D940F100094271 /* CFNetwork.framework in Frameworks */ = {isa = PBXBuildFile; fileRef = DCCBAC6F11D940F100094271 /* CFNetwork.framework */; };
		DCCBAC7211D940F100094271 /* CoreGraphics.framework in Frameworks */ = {isa = PBXBuildFile; fileRef = DCCBAC7111D940F100094271 /* CoreGraphics.framework */; };
		DCCBAC7411D940F100094271 /* CoreLocation.framework in Frameworks */ = {isa = PBXBuildFile; fileRef = DCCBAC7311D940F100094271 /* CoreLocation.framework */; };
		DCCBAC7611D940F100094271 /* Foundation.framework in Frameworks */ = {isa = PBXBuildFile; fileRef = DCCBAC7511D940F100094271 /* Foundation.framework */; };
		DCCBAC7811D940F100094271 /* MapKit.framework in Frameworks */ = {isa = PBXBuildFile; fileRef = DCCBAC7711D940F100094271 /* MapKit.framework */; };
		DCCBAC7C11D940F100094271 /* QuartzCore.framework in Frameworks */ = {isa = PBXBuildFile; fileRef = DCCBAC7B11D940F100094271 /* QuartzCore.framework */; };
		DCCBAC7E11D940F100094271 /* SystemConfiguration.framework in Frameworks */ = {isa = PBXBuildFile; fileRef = DCCBAC7D11D940F100094271 /* SystemConfiguration.framework */; };
		DCCBAC8011D940F100094271 /* UIKit.framework in Frameworks */ = {isa = PBXBuildFile; fileRef = DCCBAC7F11D940F100094271 /* UIKit.framework */; };
		DCCCC05410EAC64400A2F1F0 /* AppProgressView.xib in Resources */ = {isa = PBXBuildFile; fileRef = DCCCC05310EAC64400A2F1F0 /* AppProgressView.xib */; };
		DCCCC05710EAC66300A2F1F0 /* AppProgressViewController.m in Sources */ = {isa = PBXBuildFile; fileRef = DCCCC05610EAC66300A2F1F0 /* AppProgressViewController.m */; };
		DCDEF81A10E03971001AF8FD /* Report.m in Sources */ = {isa = PBXBuildFile; fileRef = DCDEF81910E03971001AF8FD /* Report.m */; };
		DCE589B411DBC11700894E0F /* ASIAuthenticationDialog.m in Sources */ = {isa = PBXBuildFile; fileRef = DCE589A511DBC11700894E0F /* ASIAuthenticationDialog.m */; };
		DCE589B511DBC11700894E0F /* ASIDownloadCache.m in Sources */ = {isa = PBXBuildFile; fileRef = DCE589A811DBC11700894E0F /* ASIDownloadCache.m */; };
		DCE589B611DBC11700894E0F /* ASIFormDataRequest.m in Sources */ = {isa = PBXBuildFile; fileRef = DCE589AA11DBC11700894E0F /* ASIFormDataRequest.m */; };
		DCE589B711DBC11700894E0F /* ASIHTTPRequest.m in Sources */ = {isa = PBXBuildFile; fileRef = DCE589AC11DBC11700894E0F /* ASIHTTPRequest.m */; };
		DCE589B811DBC11700894E0F /* ASIInputStream.m in Sources */ = {isa = PBXBuildFile; fileRef = DCE589B011DBC11700894E0F /* ASIInputStream.m */; };
		DCE589B911DBC11700894E0F /* ASINetworkQueue.m in Sources */ = {isa = PBXBuildFile; fileRef = DCE589B211DBC11700894E0F /* ASINetworkQueue.m */; };
		DCE589CB11DBC14900894E0F /* MobileCoreServices.framework in Frameworks */ = {isa = PBXBuildFile; fileRef = DCE589CA11DBC14900894E0F /* MobileCoreServices.framework */; settings = {ATTRIBUTES = (Weak, ); }; };
		DCE589FA11DBC33E00894E0F /* UIImage+Alpha.m in Sources */ = {isa = PBXBuildFile; fileRef = DCE589F711DBC33E00894E0F /* UIImage+Alpha.m */; };
		DCE589FB11DBC33E00894E0F /* UIImage+RoundedCorner.m in Sources */ = {isa = PBXBuildFile; fileRef = DCE589F911DBC33E00894E0F /* UIImage+RoundedCorner.m */; };
/* End PBXBuildFile section */

/* Begin PBXFileReference section */
		1D3623240D0F684500981E51 /* PdxCitizenReportAppDelegate.h */ = {isa = PBXFileReference; fileEncoding = 4; lastKnownFileType = sourcecode.c.h; path = PdxCitizenReportAppDelegate.h; sourceTree = "<group>"; };
		1D3623250D0F684500981E51 /* PdxCitizenReportAppDelegate.m */ = {isa = PBXFileReference; fileEncoding = 4; lastKnownFileType = sourcecode.c.objc; path = PdxCitizenReportAppDelegate.m; sourceTree = "<group>"; };
		1D6058910D05DD3D006BFB54 /* PdxCitizenReport.app */ = {isa = PBXFileReference; explicitFileType = wrapper.application; includeInIndex = 0; path = PdxCitizenReport.app; sourceTree = BUILT_PRODUCTS_DIR; };
		28A0AB4B0D9B1048005BE974 /* PdxCitizenReport_Prefix.pch */ = {isa = PBXFileReference; fileEncoding = 4; lastKnownFileType = sourcecode.c.h; path = PdxCitizenReport_Prefix.pch; sourceTree = "<group>"; };
		28AD73870D9D96C1002E5188 /* MainWindow.xib */ = {isa = PBXFileReference; lastKnownFileType = file.xib; path = MainWindow.xib; sourceTree = "<group>"; };
		29B97316FDCFA39411CA2CEA /* main.m */ = {isa = PBXFileReference; fileEncoding = 4; lastKnownFileType = sourcecode.c.objc; path = main.m; sourceTree = "<group>"; };
		A70F34B21104B302006B390F /* ReportCustomCell.xib */ = {isa = PBXFileReference; lastKnownFileType = file.xib; path = ReportCustomCell.xib; sourceTree = "<group>"; };
		A70F34B51104B32E006B390F /* ReportCustomCell.h */ = {isa = PBXFileReference; fileEncoding = 4; lastKnownFileType = sourcecode.c.h; path = ReportCustomCell.h; sourceTree = "<group>"; };
		A70F34B61104B32E006B390F /* ReportCustomCell.m */ = {isa = PBXFileReference; fileEncoding = 4; lastKnownFileType = sourcecode.c.objc; path = ReportCustomCell.m; sourceTree = "<group>"; };
		A763B7C11105539C000E7D1A /* ReportCommentsView.xib */ = {isa = PBXFileReference; lastKnownFileType = file.xib; path = ReportCommentsView.xib; sourceTree = "<group>"; };
		A763B7D6110553D6000E7D1A /* ReportCommentsViewController.h */ = {isa = PBXFileReference; fileEncoding = 4; lastKnownFileType = sourcecode.c.h; path = ReportCommentsViewController.h; sourceTree = "<group>"; };
		A763B7D7110553D6000E7D1A /* ReportCommentsViewController.m */ = {isa = PBXFileReference; fileEncoding = 4; lastKnownFileType = sourcecode.c.objc; path = ReportCommentsViewController.m; sourceTree = "<group>"; };
		A764CF271100169900A77F5D /* AppLongTextViewController.h */ = {isa = PBXFileReference; fileEncoding = 4; lastKnownFileType = sourcecode.c.h; path = AppLongTextViewController.h; sourceTree = "<group>"; };
		A764CF281100169900A77F5D /* AppLongTextViewController.m */ = {isa = PBXFileReference; fileEncoding = 4; lastKnownFileType = sourcecode.c.objc; path = AppLongTextViewController.m; sourceTree = "<group>"; };
		A76EC79310DBC53E00587C84 /* AppBusyView.xib */ = {isa = PBXFileReference; lastKnownFileType = file.xib; path = AppBusyView.xib; sourceTree = "<group>"; };
		A76EC79610DBC55800587C84 /* AppBusyViewController.h */ = {isa = PBXFileReference; fileEncoding = 4; lastKnownFileType = sourcecode.c.h; path = AppBusyViewController.h; sourceTree = "<group>"; };
		A76EC79710DBC55800587C84 /* AppBusyViewController.m */ = {isa = PBXFileReference; fileEncoding = 4; lastKnownFileType = sourcecode.c.objc; path = AppBusyViewController.m; sourceTree = "<group>"; };
		A77EEC451101461B001E7185 /* AppLongTextView.xib */ = {isa = PBXFileReference; lastKnownFileType = file.xib; path = AppLongTextView.xib; sourceTree = "<group>"; };
		A79FD9E710FEC41C00D59D33 /* UIImage+Resize.h */ = {isa = PBXFileReference; fileEncoding = 4; lastKnownFileType = sourcecode.c.h; path = "UIImage+Resize.h"; sourceTree = "<group>"; };
		A79FD9E810FEC41C00D59D33 /* UIImage+Resize.m */ = {isa = PBXFileReference; fileEncoding = 4; lastKnownFileType = sourcecode.c.objc; path = "UIImage+Resize.m"; sourceTree = "<group>"; };
		DC124B6910DAE18600930E0E /* LocationController.h */ = {isa = PBXFileReference; fileEncoding = 4; lastKnownFileType = sourcecode.c.h; path = LocationController.h; sourceTree = "<group>"; };
		DC124B6A10DAE18600930E0E /* LocationController.m */ = {isa = PBXFileReference; fileEncoding = 4; lastKnownFileType = sourcecode.c.objc; path = LocationController.m; sourceTree = "<group>"; };
		DC1654D910F26253002DE5B8 /* SetReportLocationView.xib */ = {isa = PBXFileReference; lastKnownFileType = file.xib; path = SetReportLocationView.xib; sourceTree = "<group>"; };
		DC1654DB10F26275002DE5B8 /* SetReportLocationViewController.h */ = {isa = PBXFileReference; fileEncoding = 4; lastKnownFileType = sourcecode.c.h; path = SetReportLocationViewController.h; sourceTree = "<group>"; };
		DC1654DC10F26275002DE5B8 /* SetReportLocationViewController.m */ = {isa = PBXFileReference; fileEncoding = 4; lastKnownFileType = sourcecode.c.objc; path = SetReportLocationViewController.m; sourceTree = "<group>"; };
		DC21FA4F112092AB007EA013 /* PDXBoundary.h */ = {isa = PBXFileReference; fileEncoding = 4; lastKnownFileType = sourcecode.c.h; path = PDXBoundary.h; sourceTree = "<group>"; };
		DC21FA50112092AB007EA013 /* PDXBoundary.m */ = {isa = PBXFileReference; fileEncoding = 4; lastKnownFileType = sourcecode.c.objc; path = PDXBoundary.m; sourceTree = "<group>"; };
		DC28928110F666E500ED3601 /* AppSettingsViewController.h */ = {isa = PBXFileReference; fileEncoding = 4; lastKnownFileType = sourcecode.c.h; path = AppSettingsViewController.h; sourceTree = "<group>"; };
		DC28928210F666E500ED3601 /* AppSettingsViewController.m */ = {isa = PBXFileReference; fileEncoding = 4; lastKnownFileType = sourcecode.c.objc; path = AppSettingsViewController.m; sourceTree = "<group>"; };
		DC2D908B10E154680040D1AD /* CRMReportDefinition.h */ = {isa = PBXFileReference; fileEncoding = 4; lastKnownFileType = sourcecode.c.h; path = CRMReportDefinition.h; sourceTree = "<group>"; };
		DC2D908C10E154680040D1AD /* CRMReportDefinition.m */ = {isa = PBXFileReference; fileEncoding = 4; lastKnownFileType = sourcecode.c.objc; path = CRMReportDefinition.m; sourceTree = "<group>"; };
		DC3EED1911E6606C00929369 /* airplane.png */ = {isa = PBXFileReference; lastKnownFileType = image.png; path = airplane.png; sourceTree = "<group>"; };
		DC3EED1A11E6606C00929369 /* appIconLarge.png */ = {isa = PBXFileReference; lastKnownFileType = image.png; path = appIconLarge.png; sourceTree = "<group>"; };
		DC3EED1B11E6606C00929369 /* appIconSmall.png */ = {isa = PBXFileReference; lastKnownFileType = image.png; path = appIconSmall.png; sourceTree = "<group>"; };
		DC3EED1C11E6606C00929369 /* appIconSmall@2x.png */ = {isa = PBXFileReference; lastKnownFileType = image.png; path = "appIconSmall@2x.png"; sourceTree = "<group>"; };
		DC3EED1D11E6606C00929369 /* background.png */ = {isa = PBXFileReference; lastKnownFileType = image.png; path = background.png; sourceTree = "<group>"; };
		DC3EED1E11E6606C00929369 /* cancel_button_down_new.png */ = {isa = PBXFileReference; lastKnownFileType = image.png; path = cancel_button_down_new.png; sourceTree = "<group>"; };
		DC3EED1F11E6606C00929369 /* cancel_button_up_new.png */ = {isa = PBXFileReference; lastKnownFileType = image.png; path = cancel_button_up_new.png; sourceTree = "<group>"; };
		DC3EED2011E6606C00929369 /* comments area frame.png */ = {isa = PBXFileReference; lastKnownFileType = image.png; path = "comments area frame.png"; sourceTree = "<group>"; };
		DC3EED2111E6606C00929369 /* cross-hairs-small-black-cropped.png */ = {isa = PBXFileReference; lastKnownFileType = image.png; path = "cross-hairs-small-black-cropped.png"; sourceTree = "<group>"; };
		DC3EED2211E6606C00929369 /* cross-hairs-small-yellow-cropped.png */ = {isa = PBXFileReference; lastKnownFileType = image.png; path = "cross-hairs-small-yellow-cropped.png"; sourceTree = "<group>"; };
		DC3EED2311E6606C00929369 /* Default.png */ = {isa = PBXFileReference; lastKnownFileType = image.png; path = Default.png; sourceTree = "<group>"; };
		DC3EED2411E6606C00929369 /* Default@2x.png */ = {isa = PBXFileReference; lastKnownFileType = image.png; path = "Default@2x.png"; sourceTree = "<group>"; };
		DC3EED2511E6606C00929369 /* iconHelp.png */ = {isa = PBXFileReference; lastKnownFileType = image.png; path = iconHelp.png; sourceTree = "<group>"; };
		DC3EED2611E6606C00929369 /* iconNewReport.png */ = {isa = PBXFileReference; lastKnownFileType = image.png; path = iconNewReport.png; sourceTree = "<group>"; };
		DC3EED2711E6606C00929369 /* iconReportStatus.png */ = {isa = PBXFileReference; lastKnownFileType = image.png; path = iconReportStatus.png; sourceTree = "<group>"; };
		DC3EED2811E6606C00929369 /* iconSettings.png */ = {isa = PBXFileReference; lastKnownFileType = image.png; path = iconSettings.png; sourceTree = "<group>"; };
		DC3EED2911E6606C00929369 /* large comments area frame.png */ = {isa = PBXFileReference; lastKnownFileType = image.png; path = "large comments area frame.png"; sourceTree = "<group>"; };
		DC3EED2A11E6606C00929369 /* large_button_down_new.png */ = {isa = PBXFileReference; lastKnownFileType = image.png; path = large_button_down_new.png; sourceTree = "<group>"; };
		DC3EED2B11E6606C00929369 /* large_button_up_new.png */ = {isa = PBXFileReference; lastKnownFileType = image.png; path = large_button_up_new.png; sourceTree = "<group>"; };
		DC3EED2C11E6606C00929369 /* large.application.icon.jpg */ = {isa = PBXFileReference; lastKnownFileType = image.jpeg; path = large.application.icon.jpg; sourceTree = "<group>"; };
		DC3EED2D11E6606C00929369 /* location-small.png */ = {isa = PBXFileReference; lastKnownFileType = image.png; path = "location-small.png"; sourceTree = "<group>"; };
		DC3EED2E11E6606C00929369 /* map.png */ = {isa = PBXFileReference; lastKnownFileType = image.png; path = map.png; sourceTree = "<group>"; };
		DC3EED2F11E6606C00929369 /* medium_button_down_new.png */ = {isa = PBXFileReference; lastKnownFileType = image.png; path = medium_button_down_new.png; sourceTree = "<group>"; };
		DC3EED3011E6606C00929369 /* medium_button_up_new.png */ = {isa = PBXFileReference; lastKnownFileType = image.png; path = medium_button_up_new.png; sourceTree = "<group>"; };
		DC3EED3111E6606C00929369 /* photo preview frame.png */ = {isa = PBXFileReference; lastKnownFileType = image.png; path = "photo preview frame.png"; sourceTree = "<group>"; };
		DC3EED3211E6606C00929369 /* Pin.png */ = {isa = PBXFileReference; lastKnownFileType = image.png; path = Pin.png; sourceTree = "<group>"; };
		DC3EED3311E6606C00929369 /* primary.screenshot.jpg */ = {isa = PBXFileReference; lastKnownFileType = image.jpeg; path = primary.screenshot.jpg; sourceTree = "<group>"; };
		DC3EED3411E6606C00929369 /* small_button_down_new.png */ = {isa = PBXFileReference; lastKnownFileType = image.png; path = small_button_down_new.png; sourceTree = "<group>"; };
		DC3EED3511E6606C00929369 /* small_button_up_new.png */ = {isa = PBXFileReference; lastKnownFileType = image.png; path = small_button_up_new.png; sourceTree = "<group>"; };
		DC3EED3611E6606C00929369 /* submit_button_down_new.png */ = {isa = PBXFileReference; lastKnownFileType = image.png; path = submit_button_down_new.png; sourceTree = "<group>"; };
		DC3EED3711E6606C00929369 /* submit_button_up_new.png */ = {isa = PBXFileReference; lastKnownFileType = image.png; path = submit_button_up_new.png; sourceTree = "<group>"; };
		DC454F08112DA61D001F5558 /* LocationPin.h */ = {isa = PBXFileReference; fileEncoding = 4; lastKnownFileType = sourcecode.c.h; path = LocationPin.h; sourceTree = "<group>"; };
		DC454F09112DA61D001F5558 /* LocationPin.m */ = {isa = PBXFileReference; fileEncoding = 4; lastKnownFileType = sourcecode.c.objc; path = LocationPin.m; sourceTree = "<group>"; };
		DC472B8710F4F3850026EE3F /* Entitlements.plist */ = {isa = PBXFileReference; fileEncoding = 4; lastKnownFileType = text.plist.xml; path = Entitlements.plist; sourceTree = "<group>"; };
		DC4AD0D51120C25300175EDC /* ReportStatusDetailView.xib */ = {isa = PBXFileReference; lastKnownFileType = file.xib; path = ReportStatusDetailView.xib; sourceTree = "<group>"; };
		DC4AD0D71120C29800175EDC /* ReportStatusDetailViewController.h */ = {isa = PBXFileReference; fileEncoding = 4; lastKnownFileType = sourcecode.c.h; path = ReportStatusDetailViewController.h; sourceTree = "<group>"; };
		DC4AD0D81120C29800175EDC /* ReportStatusDetailViewController.m */ = {isa = PBXFileReference; fileEncoding = 4; lastKnownFileType = sourcecode.c.objc; path = ReportStatusDetailViewController.m; sourceTree = "<group>"; };
		DC5FE23311ECD6130081EDA2 /* map@2x.png */ = {isa = PBXFileReference; lastKnownFileType = image.png; path = "map@2x.png"; sourceTree = "<group>"; };
		DC5FE23411ECD6130081EDA2 /* iconSettings@2x.png */ = {isa = PBXFileReference; lastKnownFileType = image.png; path = "iconSettings@2x.png"; sourceTree = "<group>"; };
		DC5FE23511ECD6130081EDA2 /* iconNewReport@2x.png */ = {isa = PBXFileReference; lastKnownFileType = image.png; path = "iconNewReport@2x.png"; sourceTree = "<group>"; };
		DC5FE23611ECD6130081EDA2 /* iconHelp@2x.png */ = {isa = PBXFileReference; lastKnownFileType = image.png; path = "iconHelp@2x.png"; sourceTree = "<group>"; };
		DC63982F10D2B37E00E99E79 /* NewReportView.xib */ = {isa = PBXFileReference; lastKnownFileType = file.xib; path = NewReportView.xib; sourceTree = "<group>"; };
		DC63986510D2BCAA00E99E79 /* ReportStatusView.xib */ = {isa = PBXFileReference; lastKnownFileType = file.xib; path = ReportStatusView.xib; sourceTree = "<group>"; };
		DC63987710D2BE3500E99E79 /* NewReportViewController.h */ = {isa = PBXFileReference; fileEncoding = 4; lastKnownFileType = sourcecode.c.h; path = NewReportViewController.h; sourceTree = "<group>"; };
		DC63987810D2BE3500E99E79 /* NewReportViewController.m */ = {isa = PBXFileReference; fileEncoding = 4; lastKnownFileType = sourcecode.c.objc; path = NewReportViewController.m; sourceTree = "<group>"; };
		DC63987A10D2BF0400E99E79 /* ReportStatusViewController.h */ = {isa = PBXFileReference; fileEncoding = 4; lastKnownFileType = sourcecode.c.h; path = ReportStatusViewController.h; sourceTree = "<group>"; };
		DC63987B10D2BF0400E99E79 /* ReportStatusViewController.m */ = {isa = PBXFileReference; fileEncoding = 4; lastKnownFileType = sourcecode.c.objc; path = ReportStatusViewController.m; sourceTree = "<group>"; };
		DC6398DF10D2F06000E99E79 /* HelpViewController.h */ = {isa = PBXFileReference; fileEncoding = 4; lastKnownFileType = sourcecode.c.h; path = HelpViewController.h; sourceTree = "<group>"; };
		DC6398E010D2F06000E99E79 /* HelpViewController.m */ = {isa = PBXFileReference; fileEncoding = 4; lastKnownFileType = sourcecode.c.objc; path = HelpViewController.m; sourceTree = "<group>"; };
		DC6398E310D2F0B700E99E79 /* HelpView.xib */ = {isa = PBXFileReference; lastKnownFileType = file.xib; path = HelpView.xib; sourceTree = "<group>"; };
		DC64A4E810FCDF6600D178BD /* AppSettings.h */ = {isa = PBXFileReference; fileEncoding = 4; lastKnownFileType = sourcecode.c.h; path = AppSettings.h; sourceTree = "<group>"; };
		DC64A4E910FCDF6600D178BD /* AppSettings.m */ = {isa = PBXFileReference; fileEncoding = 4; lastKnownFileType = sourcecode.c.objc; path = AppSettings.m; sourceTree = "<group>"; };
		DC6B802A11D91BF800657F94 /* Reachability.h */ = {isa = PBXFileReference; fileEncoding = 4; lastKnownFileType = sourcecode.c.h; path = Reachability.h; sourceTree = "<group>"; };
		DC6B802B11D91BF800657F94 /* Reachability.m */ = {isa = PBXFileReference; fileEncoding = 4; lastKnownFileType = sourcecode.c.objc; path = Reachability.m; sourceTree = "<group>"; };
		DC74DA7F11E6656500F86682 /* PdxCitizenReport-Info.plist */ = {isa = PBXFileReference; fileEncoding = 4; lastKnownFileType = text.plist.xml; path = "PdxCitizenReport-Info.plist"; sourceTree = "<group>"; };
		DC7E8AEF11236C9E00759EB4 /* ReportDetailWebView.xib */ = {isa = PBXFileReference; lastKnownFileType = file.xib; path = ReportDetailWebView.xib; sourceTree = "<group>"; };
		DC7E8AF111236CC600759EB4 /* ReportDetailWebViewController.h */ = {isa = PBXFileReference; fileEncoding = 4; lastKnownFileType = sourcecode.c.h; path = ReportDetailWebViewController.h; sourceTree = "<group>"; };
		DC7E8AF211236CC600759EB4 /* ReportDetailWebViewController.m */ = {isa = PBXFileReference; fileEncoding = 4; lastKnownFileType = sourcecode.c.objc; path = ReportDetailWebViewController.m; sourceTree = "<group>"; };
		DC89948C10F66C5C00B5DF41 /* AppSettingsView.xib */ = {isa = PBXFileReference; lastKnownFileType = file.xib; path = AppSettingsView.xib; sourceTree = "<group>"; };
		DC90AEEA10E2A59200FD4E88 /* DataRepository.h */ = {isa = PBXFileReference; fileEncoding = 4; lastKnownFileType = sourcecode.c.h; path = DataRepository.h; sourceTree = "<group>"; };
		DC90AEEB10E2A59200FD4E88 /* DataRepository.m */ = {isa = PBXFileReference; fileEncoding = 4; lastKnownFileType = sourcecode.c.objc; path = DataRepository.m; sourceTree = "<group>"; };
		DCBCBC6510E183700001E541 /* DDXML.h */ = {isa = PBXFileReference; fileEncoding = 4; lastKnownFileType = sourcecode.c.h; path = DDXML.h; sourceTree = "<group>"; };
		DCBCBC6610E183700001E541 /* DDXMLDocument.h */ = {isa = PBXFileReference; fileEncoding = 4; lastKnownFileType = sourcecode.c.h; path = DDXMLDocument.h; sourceTree = "<group>"; };
		DCBCBC6710E183700001E541 /* DDXMLDocument.m */ = {isa = PBXFileReference; fileEncoding = 4; lastKnownFileType = sourcecode.c.objc; path = DDXMLDocument.m; sourceTree = "<group>"; };
		DCBCBC6810E183700001E541 /* DDXMLElement.h */ = {isa = PBXFileReference; fileEncoding = 4; lastKnownFileType = sourcecode.c.h; path = DDXMLElement.h; sourceTree = "<group>"; };
		DCBCBC6910E183700001E541 /* DDXMLElement.m */ = {isa = PBXFileReference; fileEncoding = 4; lastKnownFileType = sourcecode.c.objc; path = DDXMLElement.m; sourceTree = "<group>"; };
		DCBCBC6A10E183700001E541 /* DDXMLElementAdditions.h */ = {isa = PBXFileReference; fileEncoding = 4; lastKnownFileType = sourcecode.c.h; path = DDXMLElementAdditions.h; sourceTree = "<group>"; };
		DCBCBC6B10E183700001E541 /* DDXMLElementAdditions.m */ = {isa = PBXFileReference; fileEncoding = 4; lastKnownFileType = sourcecode.c.objc; path = DDXMLElementAdditions.m; sourceTree = "<group>"; };
		DCBCBC6C10E183700001E541 /* DDXMLNode.h */ = {isa = PBXFileReference; fileEncoding = 4; lastKnownFileType = sourcecode.c.h; path = DDXMLNode.h; sourceTree = "<group>"; };
		DCBCBC6D10E183700001E541 /* DDXMLNode.m */ = {isa = PBXFileReference; fileEncoding = 4; lastKnownFileType = sourcecode.c.objc; path = DDXMLNode.m; sourceTree = "<group>"; };
		DCBCBC6E10E183700001E541 /* DDXMLPrivate.h */ = {isa = PBXFileReference; fileEncoding = 4; lastKnownFileType = sourcecode.c.h; path = DDXMLPrivate.h; sourceTree = "<group>"; };
		DCBCBC6F10E183700001E541 /* NSStringAdditions.h */ = {isa = PBXFileReference; fileEncoding = 4; lastKnownFileType = sourcecode.c.h; path = NSStringAdditions.h; sourceTree = "<group>"; };
		DCBCBC7010E183700001E541 /* NSStringAdditions.m */ = {isa = PBXFileReference; fileEncoding = 4; lastKnownFileType = sourcecode.c.objc; path = NSStringAdditions.m; sourceTree = "<group>"; };
		DCC755F4112B4DE50083E453 /* DisplayLocationViewController.h */ = {isa = PBXFileReference; fileEncoding = 4; lastKnownFileType = sourcecode.c.h; path = DisplayLocationViewController.h; sourceTree = "<group>"; };
		DCC755F5112B4DE50083E453 /* DisplayLocationViewController.m */ = {isa = PBXFileReference; fileEncoding = 4; lastKnownFileType = sourcecode.c.objc; path = DisplayLocationViewController.m; sourceTree = "<group>"; };
		DCC755F7112B4E030083E453 /* DisplayLocationView.xib */ = {isa = PBXFileReference; lastKnownFileType = file.xib; path = DisplayLocationView.xib; sourceTree = "<group>"; };
		DCC75633112B57280083E453 /* DisplayImageViewController.h */ = {isa = PBXFileReference; fileEncoding = 4; lastKnownFileType = sourcecode.c.h; path = DisplayImageViewController.h; sourceTree = "<group>"; };
		DCC75634112B57280083E453 /* DisplayImageViewController.m */ = {isa = PBXFileReference; fileEncoding = 4; lastKnownFileType = sourcecode.c.objc; path = DisplayImageViewController.m; sourceTree = "<group>"; };
		DCC7563A112B57580083E453 /* DisplayImageView.xib */ = {isa = PBXFileReference; lastKnownFileType = file.xib; path = DisplayImageView.xib; sourceTree = "<group>"; };
		DCCBAC6D11D940AA00094271 /* libz.1.2.3.dylib */ = {isa = PBXFileReference; lastKnownFileType = "compiled.mach-o.dylib"; name = libz.1.2.3.dylib; path = usr/lib/libz.1.2.3.dylib; sourceTree = SDKROOT; };
		DCCBAC6F11D940F100094271 /* CFNetwork.framework */ = {isa = PBXFileReference; lastKnownFileType = wrapper.framework; name = CFNetwork.framework; path = System/Library/Frameworks/CFNetwork.framework; sourceTree = SDKROOT; };
		DCCBAC7111D940F100094271 /* CoreGraphics.framework */ = {isa = PBXFileReference; lastKnownFileType = wrapper.framework; name = CoreGraphics.framework; path = System/Library/Frameworks/CoreGraphics.framework; sourceTree = SDKROOT; };
		DCCBAC7311D940F100094271 /* CoreLocation.framework */ = {isa = PBXFileReference; lastKnownFileType = wrapper.framework; name = CoreLocation.framework; path = System/Library/Frameworks/CoreLocation.framework; sourceTree = SDKROOT; };
		DCCBAC7511D940F100094271 /* Foundation.framework */ = {isa = PBXFileReference; lastKnownFileType = wrapper.framework; name = Foundation.framework; path = System/Library/Frameworks/Foundation.framework; sourceTree = SDKROOT; };
		DCCBAC7711D940F100094271 /* MapKit.framework */ = {isa = PBXFileReference; lastKnownFileType = wrapper.framework; name = MapKit.framework; path = System/Library/Frameworks/MapKit.framework; sourceTree = SDKROOT; };
		DCCBAC7B11D940F100094271 /* QuartzCore.framework */ = {isa = PBXFileReference; lastKnownFileType = wrapper.framework; name = QuartzCore.framework; path = System/Library/Frameworks/QuartzCore.framework; sourceTree = SDKROOT; };
		DCCBAC7D11D940F100094271 /* SystemConfiguration.framework */ = {isa = PBXFileReference; lastKnownFileType = wrapper.framework; name = SystemConfiguration.framework; path = System/Library/Frameworks/SystemConfiguration.framework; sourceTree = SDKROOT; };
		DCCBAC7F11D940F100094271 /* UIKit.framework */ = {isa = PBXFileReference; lastKnownFileType = wrapper.framework; name = UIKit.framework; path = System/Library/Frameworks/UIKit.framework; sourceTree = SDKROOT; };
		DCCCC05310EAC64400A2F1F0 /* AppProgressView.xib */ = {isa = PBXFileReference; lastKnownFileType = file.xib; path = AppProgressView.xib; sourceTree = "<group>"; };
		DCCCC05510EAC66300A2F1F0 /* AppProgressViewController.h */ = {isa = PBXFileReference; fileEncoding = 4; lastKnownFileType = sourcecode.c.h; path = AppProgressViewController.h; sourceTree = "<group>"; };
		DCCCC05610EAC66300A2F1F0 /* AppProgressViewController.m */ = {isa = PBXFileReference; fileEncoding = 4; lastKnownFileType = sourcecode.c.objc; path = AppProgressViewController.m; sourceTree = "<group>"; };
		DCDEF81810E03971001AF8FD /* Report.h */ = {isa = PBXFileReference; fileEncoding = 4; lastKnownFileType = sourcecode.c.h; path = Report.h; sourceTree = "<group>"; };
		DCDEF81910E03971001AF8FD /* Report.m */ = {isa = PBXFileReference; fileEncoding = 4; lastKnownFileType = sourcecode.c.objc; path = Report.m; sourceTree = "<group>"; };
		DCE589A411DBC11700894E0F /* ASIAuthenticationDialog.h */ = {isa = PBXFileReference; fileEncoding = 4; lastKnownFileType = sourcecode.c.h; path = ASIAuthenticationDialog.h; sourceTree = "<group>"; };
		DCE589A511DBC11700894E0F /* ASIAuthenticationDialog.m */ = {isa = PBXFileReference; fileEncoding = 4; lastKnownFileType = sourcecode.c.objc; path = ASIAuthenticationDialog.m; sourceTree = "<group>"; };
		DCE589A611DBC11700894E0F /* ASICacheDelegate.h */ = {isa = PBXFileReference; fileEncoding = 4; lastKnownFileType = sourcecode.c.h; path = ASICacheDelegate.h; sourceTree = "<group>"; };
		DCE589A711DBC11700894E0F /* ASIDownloadCache.h */ = {isa = PBXFileReference; fileEncoding = 4; lastKnownFileType = sourcecode.c.h; path = ASIDownloadCache.h; sourceTree = "<group>"; };
		DCE589A811DBC11700894E0F /* ASIDownloadCache.m */ = {isa = PBXFileReference; fileEncoding = 4; lastKnownFileType = sourcecode.c.objc; path = ASIDownloadCache.m; sourceTree = "<group>"; };
		DCE589A911DBC11700894E0F /* ASIFormDataRequest.h */ = {isa = PBXFileReference; fileEncoding = 4; lastKnownFileType = sourcecode.c.h; path = ASIFormDataRequest.h; sourceTree = "<group>"; };
		DCE589AA11DBC11700894E0F /* ASIFormDataRequest.m */ = {isa = PBXFileReference; fileEncoding = 4; lastKnownFileType = sourcecode.c.objc; path = ASIFormDataRequest.m; sourceTree = "<group>"; };
		DCE589AB11DBC11700894E0F /* ASIHTTPRequest.h */ = {isa = PBXFileReference; fileEncoding = 4; lastKnownFileType = sourcecode.c.h; path = ASIHTTPRequest.h; sourceTree = "<group>"; };
		DCE589AC11DBC11700894E0F /* ASIHTTPRequest.m */ = {isa = PBXFileReference; fileEncoding = 4; lastKnownFileType = sourcecode.c.objc; path = ASIHTTPRequest.m; sourceTree = "<group>"; };
		DCE589AD11DBC11700894E0F /* ASIHTTPRequestConfig.h */ = {isa = PBXFileReference; fileEncoding = 4; lastKnownFileType = sourcecode.c.h; path = ASIHTTPRequestConfig.h; sourceTree = "<group>"; };
		DCE589AE11DBC11700894E0F /* ASIHTTPRequestDelegate.h */ = {isa = PBXFileReference; fileEncoding = 4; lastKnownFileType = sourcecode.c.h; path = ASIHTTPRequestDelegate.h; sourceTree = "<group>"; };
		DCE589AF11DBC11700894E0F /* ASIInputStream.h */ = {isa = PBXFileReference; fileEncoding = 4; lastKnownFileType = sourcecode.c.h; path = ASIInputStream.h; sourceTree = "<group>"; };
		DCE589B011DBC11700894E0F /* ASIInputStream.m */ = {isa = PBXFileReference; fileEncoding = 4; lastKnownFileType = sourcecode.c.objc; path = ASIInputStream.m; sourceTree = "<group>"; };
		DCE589B111DBC11700894E0F /* ASINetworkQueue.h */ = {isa = PBXFileReference; fileEncoding = 4; lastKnownFileType = sourcecode.c.h; path = ASINetworkQueue.h; sourceTree = "<group>"; };
		DCE589B211DBC11700894E0F /* ASINetworkQueue.m */ = {isa = PBXFileReference; fileEncoding = 4; lastKnownFileType = sourcecode.c.objc; path = ASINetworkQueue.m; sourceTree = "<group>"; };
		DCE589B311DBC11700894E0F /* ASIProgressDelegate.h */ = {isa = PBXFileReference; fileEncoding = 4; lastKnownFileType = sourcecode.c.h; path = ASIProgressDelegate.h; sourceTree = "<group>"; };
		DCE589CA11DBC14900894E0F /* MobileCoreServices.framework */ = {isa = PBXFileReference; lastKnownFileType = wrapper.framework; name = MobileCoreServices.framework; path = System/Library/Frameworks/MobileCoreServices.framework; sourceTree = SDKROOT; };
		DCE589F611DBC33E00894E0F /* UIImage+Alpha.h */ = {isa = PBXFileReference; fileEncoding = 4; lastKnownFileType = sourcecode.c.h; path = "UIImage+Alpha.h"; sourceTree = "<group>"; };
		DCE589F711DBC33E00894E0F /* UIImage+Alpha.m */ = {isa = PBXFileReference; fileEncoding = 4; lastKnownFileType = sourcecode.c.objc; path = "UIImage+Alpha.m"; sourceTree = "<group>"; };
		DCE589F811DBC33E00894E0F /* UIImage+RoundedCorner.h */ = {isa = PBXFileReference; fileEncoding = 4; lastKnownFileType = sourcecode.c.h; path = "UIImage+RoundedCorner.h"; sourceTree = "<group>"; };
		DCE589F911DBC33E00894E0F /* UIImage+RoundedCorner.m */ = {isa = PBXFileReference; fileEncoding = 4; lastKnownFileType = sourcecode.c.objc; path = "UIImage+RoundedCorner.m"; sourceTree = "<group>"; };
/* End PBXFileReference section */

/* Begin PBXFrameworksBuildPhase section */
		1D60588F0D05DD3D006BFB54 /* Frameworks */ = {
			isa = PBXFrameworksBuildPhase;
			buildActionMask = 2147483647;
			files = (
				DCCBAC6E11D940AA00094271 /* libz.1.2.3.dylib in Frameworks */,
				DCCBAC7011D940F100094271 /* CFNetwork.framework in Frameworks */,
				DCCBAC7211D940F100094271 /* CoreGraphics.framework in Frameworks */,
				DCCBAC7411D940F100094271 /* CoreLocation.framework in Frameworks */,
				DCCBAC7611D940F100094271 /* Foundation.framework in Frameworks */,
				DCCBAC7811D940F100094271 /* MapKit.framework in Frameworks */,
				DCCBAC7C11D940F100094271 /* QuartzCore.framework in Frameworks */,
				DCCBAC7E11D940F100094271 /* SystemConfiguration.framework in Frameworks */,
				DCCBAC8011D940F100094271 /* UIKit.framework in Frameworks */,
				DCE589CB11DBC14900894E0F /* MobileCoreServices.framework in Frameworks */,
			);
			runOnlyForDeploymentPostprocessing = 0;
		};
/* End PBXFrameworksBuildPhase section */

/* Begin PBXGroup section */
		080E96DDFE201D6D7F000001 /* Classes */ = {
			isa = PBXGroup;
			children = (
				DC28927310F6666E00ED3601 /* City of Portland Code */,
				DC28927210F6664200ED3601 /* External Code */,
			);
			path = Classes;
			sourceTree = "<group>";
		};
		19C28FACFE9D520D11CA2CBB /* Products */ = {
			isa = PBXGroup;
			children = (
				1D6058910D05DD3D006BFB54 /* PdxCitizenReport.app */,
			);
			name = Products;
			sourceTree = "<group>";
		};
		29B97314FDCFA39411CA2CEA /* PdxCitizenReport */ = {
			isa = PBXGroup;
			children = (
				DC74DA7F11E6656500F86682 /* PdxCitizenReport-Info.plist */,
				080E96DDFE201D6D7F000001 /* Classes */,
				29B97315FDCFA39411CA2CEA /* Other Sources */,
				29B97317FDCFA39411CA2CEA /* Resources */,
				29B97323FDCFA39411CA2CEA /* Frameworks */,
				19C28FACFE9D520D11CA2CBB /* Products */,
				DC472B8710F4F3850026EE3F /* Entitlements.plist */,
				DCE589CA11DBC14900894E0F /* MobileCoreServices.framework */,
			);
			name = PdxCitizenReport;
			sourceTree = "<group>";
		};
		29B97315FDCFA39411CA2CEA /* Other Sources */ = {
			isa = PBXGroup;
			children = (
				28A0AB4B0D9B1048005BE974 /* PdxCitizenReport_Prefix.pch */,
				29B97316FDCFA39411CA2CEA /* main.m */,
			);
			name = "Other Sources";
			sourceTree = "<group>";
		};
		29B97317FDCFA39411CA2CEA /* Resources */ = {
			isa = PBXGroup;
			children = (
				DC3EED1911E6606C00929369 /* airplane.png */,
				DC3EED1A11E6606C00929369 /* appIconLarge.png */,
				DC3EED1B11E6606C00929369 /* appIconSmall.png */,
				DC3EED1C11E6606C00929369 /* appIconSmall@2x.png */,
				DC3EED1D11E6606C00929369 /* background.png */,
				DC3EED1E11E6606C00929369 /* cancel_button_down_new.png */,
				DC3EED1F11E6606C00929369 /* cancel_button_up_new.png */,
				DC3EED2011E6606C00929369 /* comments area frame.png */,
				DC3EED2111E6606C00929369 /* cross-hairs-small-black-cropped.png */,
				DC3EED2211E6606C00929369 /* cross-hairs-small-yellow-cropped.png */,
				DC3EED2311E6606C00929369 /* Default.png */,
				DC3EED2411E6606C00929369 /* Default@2x.png */,
				DC3EED2511E6606C00929369 /* iconHelp.png */,
				DC5FE23611ECD6130081EDA2 /* iconHelp@2x.png */,
				DC3EED2611E6606C00929369 /* iconNewReport.png */,
				DC5FE23511ECD6130081EDA2 /* iconNewReport@2x.png */,
				DC3EED2711E6606C00929369 /* iconReportStatus.png */,
				DC3EED2811E6606C00929369 /* iconSettings.png */,
				DC5FE23411ECD6130081EDA2 /* iconSettings@2x.png */,
				DC3EED2911E6606C00929369 /* large comments area frame.png */,
				DC3EED2A11E6606C00929369 /* large_button_down_new.png */,
				DC3EED2B11E6606C00929369 /* large_button_up_new.png */,
				DC3EED2C11E6606C00929369 /* large.application.icon.jpg */,
				DC3EED2D11E6606C00929369 /* location-small.png */,
				DC3EED2E11E6606C00929369 /* map.png */,
				DC5FE23311ECD6130081EDA2 /* map@2x.png */,
				DC3EED2F11E6606C00929369 /* medium_button_down_new.png */,
				DC3EED3011E6606C00929369 /* medium_button_up_new.png */,
				DC3EED3111E6606C00929369 /* photo preview frame.png */,
				DC3EED3211E6606C00929369 /* Pin.png */,
				DC3EED3311E6606C00929369 /* primary.screenshot.jpg */,
				DC3EED3411E6606C00929369 /* small_button_down_new.png */,
				DC3EED3511E6606C00929369 /* small_button_up_new.png */,
				DC3EED3611E6606C00929369 /* submit_button_down_new.png */,
				DC3EED3711E6606C00929369 /* submit_button_up_new.png */,
				DC63986510D2BCAA00E99E79 /* ReportStatusView.xib */,
				DC4AD0D51120C25300175EDC /* ReportStatusDetailView.xib */,
				DC7E8AEF11236C9E00759EB4 /* ReportDetailWebView.xib */,
				28AD73870D9D96C1002E5188 /* MainWindow.xib */,
				DC63982F10D2B37E00E99E79 /* NewReportView.xib */,
				DC6398E310D2F0B700E99E79 /* HelpView.xib */,
				A76EC79310DBC53E00587C84 /* AppBusyView.xib */,
				DCCCC05310EAC64400A2F1F0 /* AppProgressView.xib */,
				DC1654D910F26253002DE5B8 /* SetReportLocationView.xib */,
				DC89948C10F66C5C00B5DF41 /* AppSettingsView.xib */,
				A77EEC451101461B001E7185 /* AppLongTextView.xib */,
				A70F34B21104B302006B390F /* ReportCustomCell.xib */,
				A763B7C11105539C000E7D1A /* ReportCommentsView.xib */,
				DCC755F7112B4E030083E453 /* DisplayLocationView.xib */,
				DCC7563A112B57580083E453 /* DisplayImageView.xib */,
			);
			name = Resources;
			sourceTree = "<group>";
		};
		29B97323FDCFA39411CA2CEA /* Frameworks */ = {
			isa = PBXGroup;
			children = (
				DCCBAC6D11D940AA00094271 /* libz.1.2.3.dylib */,
				DCCBAC6F11D940F100094271 /* CFNetwork.framework */,
				DCCBAC7111D940F100094271 /* CoreGraphics.framework */,
				DCCBAC7311D940F100094271 /* CoreLocation.framework */,
				DCCBAC7511D940F100094271 /* Foundation.framework */,
				DCCBAC7711D940F100094271 /* MapKit.framework */,
				DCCBAC7B11D940F100094271 /* QuartzCore.framework */,
				DCCBAC7D11D940F100094271 /* SystemConfiguration.framework */,
				DCCBAC7F11D940F100094271 /* UIKit.framework */,
			);
			name = Frameworks;
			sourceTree = "<group>";
		};
		DC28927210F6664200ED3601 /* External Code */ = {
			isa = PBXGroup;
			children = (
				DC7E8A9C11233A3800759EB4 /* UIImage Enhancements */,
				DCDEF7A810E0322A001AF8FD /* ASIHTTPRequest */,
				DCBCBC6410E183700001E541 /* KissXML */,
				DCE949BF10EBF9B80049A498 /* Reachability */,
			);
			name = "External Code";
			sourceTree = "<group>";
		};
		DC28927310F6666E00ED3601 /* City of Portland Code */ = {
			isa = PBXGroup;
			children = (
				DCC755B7112B27760083E453 /* Models */,
				DCC755B3112B26770083E453 /* App Delegate */,
				DCC755B4112B26860083E453 /* New Report */,
				DCC755B8112B27C40083E453 /* My Reports */,
				DCC755BB112B28340083E453 /* Settings View */,
				DCC755C1112B289B0083E453 /* Help */,
				DCC755B2112B26480083E453 /* General Purpose Views */,
			);
			name = "City of Portland Code";
			sourceTree = "<group>";
		};
		DC7E8A9C11233A3800759EB4 /* UIImage Enhancements */ = {
			isa = PBXGroup;
			children = (
				DCE589F611DBC33E00894E0F /* UIImage+Alpha.h */,
				DCE589F711DBC33E00894E0F /* UIImage+Alpha.m */,
				DCE589F811DBC33E00894E0F /* UIImage+RoundedCorner.h */,
				DCE589F911DBC33E00894E0F /* UIImage+RoundedCorner.m */,
				A79FD9E710FEC41C00D59D33 /* UIImage+Resize.h */,
				A79FD9E810FEC41C00D59D33 /* UIImage+Resize.m */,
			);
			name = "UIImage Enhancements";
			sourceTree = "<group>";
		};
		DCBCBC6410E183700001E541 /* KissXML */ = {
			isa = PBXGroup;
			children = (
				DCBCBC6510E183700001E541 /* DDXML.h */,
				DCBCBC6610E183700001E541 /* DDXMLDocument.h */,
				DCBCBC6710E183700001E541 /* DDXMLDocument.m */,
				DCBCBC6810E183700001E541 /* DDXMLElement.h */,
				DCBCBC6910E183700001E541 /* DDXMLElement.m */,
				DCBCBC6A10E183700001E541 /* DDXMLElementAdditions.h */,
				DCBCBC6B10E183700001E541 /* DDXMLElementAdditions.m */,
				DCBCBC6C10E183700001E541 /* DDXMLNode.h */,
				DCBCBC6D10E183700001E541 /* DDXMLNode.m */,
				DCBCBC6E10E183700001E541 /* DDXMLPrivate.h */,
				DCBCBC6F10E183700001E541 /* NSStringAdditions.h */,
				DCBCBC7010E183700001E541 /* NSStringAdditions.m */,
			);
			path = KissXML;
			sourceTree = "<group>";
		};
		DCC755B2112B26480083E453 /* General Purpose Views */ = {
			isa = PBXGroup;
			children = (
				A76EC79610DBC55800587C84 /* AppBusyViewController.h */,
				A76EC79710DBC55800587C84 /* AppBusyViewController.m */,
				DCCCC05510EAC66300A2F1F0 /* AppProgressViewController.h */,
				DCCCC05610EAC66300A2F1F0 /* AppProgressViewController.m */,
				A764CF271100169900A77F5D /* AppLongTextViewController.h */,
				A764CF281100169900A77F5D /* AppLongTextViewController.m */,
				DCC755F4112B4DE50083E453 /* DisplayLocationViewController.h */,
				DCC755F5112B4DE50083E453 /* DisplayLocationViewController.m */,
				DCC75633112B57280083E453 /* DisplayImageViewController.h */,
				DCC75634112B57280083E453 /* DisplayImageViewController.m */,
				DC454F08112DA61D001F5558 /* LocationPin.h */,
				DC454F09112DA61D001F5558 /* LocationPin.m */,
			);
			name = "General Purpose Views";
			sourceTree = "<group>";
		};
		DCC755B3112B26770083E453 /* App Delegate */ = {
			isa = PBXGroup;
			children = (
				1D3623240D0F684500981E51 /* PdxCitizenReportAppDelegate.h */,
				1D3623250D0F684500981E51 /* PdxCitizenReportAppDelegate.m */,
				DCC755BC112B28540083E453 /* Core Location Singleton */,
				DCC755B6112B27280083E453 /* App Settings */,
			);
			name = "App Delegate";
			sourceTree = "<group>";
		};
		DCC755B4112B26860083E453 /* New Report */ = {
			isa = PBXGroup;
			children = (
				DC63987710D2BE3500E99E79 /* NewReportViewController.h */,
				DC63987810D2BE3500E99E79 /* NewReportViewController.m */,
				DCC755B5112B26C80083E453 /* Child Views */,
			);
			name = "New Report";
			sourceTree = "<group>";
		};
		DCC755B5112B26C80083E453 /* Child Views */ = {
			isa = PBXGroup;
			children = (
				DC1654DB10F26275002DE5B8 /* SetReportLocationViewController.h */,
				DC1654DC10F26275002DE5B8 /* SetReportLocationViewController.m */,
				A763B7D6110553D6000E7D1A /* ReportCommentsViewController.h */,
				A763B7D7110553D6000E7D1A /* ReportCommentsViewController.m */,
			);
			name = "Child Views";
			sourceTree = "<group>";
		};
		DCC755B6112B27280083E453 /* App Settings */ = {
			isa = PBXGroup;
			children = (
				DC90AEEA10E2A59200FD4E88 /* DataRepository.h */,
				DC90AEEB10E2A59200FD4E88 /* DataRepository.m */,
				DC64A4E810FCDF6600D178BD /* AppSettings.h */,
				DC64A4E910FCDF6600D178BD /* AppSettings.m */,
			);
			name = "App Settings";
			sourceTree = "<group>";
		};
		DCC755B7112B27760083E453 /* Models */ = {
			isa = PBXGroup;
			children = (
				DCDEF81810E03971001AF8FD /* Report.h */,
				DCDEF81910E03971001AF8FD /* Report.m */,
				DC2D908B10E154680040D1AD /* CRMReportDefinition.h */,
				DC2D908C10E154680040D1AD /* CRMReportDefinition.m */,
				DC21FA4F112092AB007EA013 /* PDXBoundary.h */,
				DC21FA50112092AB007EA013 /* PDXBoundary.m */,
			);
			name = Models;
			sourceTree = "<group>";
		};
		DCC755B8112B27C40083E453 /* My Reports */ = {
			isa = PBXGroup;
			children = (
				DC63987A10D2BF0400E99E79 /* ReportStatusViewController.h */,
				DC63987B10D2BF0400E99E79 /* ReportStatusViewController.m */,
				DCC755BA112B27F10083E453 /* Custom Table Cell */,
				DCC755B9112B27D80083E453 /* Child Views */,
			);
			name = "My Reports";
			sourceTree = "<group>";
		};
		DCC755B9112B27D80083E453 /* Child Views */ = {
			isa = PBXGroup;
			children = (
				DC4AD0D71120C29800175EDC /* ReportStatusDetailViewController.h */,
				DC4AD0D81120C29800175EDC /* ReportStatusDetailViewController.m */,
				DC7E8AF111236CC600759EB4 /* ReportDetailWebViewController.h */,
				DC7E8AF211236CC600759EB4 /* ReportDetailWebViewController.m */,
			);
			name = "Child Views";
			sourceTree = "<group>";
		};
		DCC755BA112B27F10083E453 /* Custom Table Cell */ = {
			isa = PBXGroup;
			children = (
				A70F34B51104B32E006B390F /* ReportCustomCell.h */,
				A70F34B61104B32E006B390F /* ReportCustomCell.m */,
			);
			name = "Custom Table Cell";
			sourceTree = "<group>";
		};
		DCC755BB112B28340083E453 /* Settings View */ = {
			isa = PBXGroup;
			children = (
				DC28928110F666E500ED3601 /* AppSettingsViewController.h */,
				DC28928210F666E500ED3601 /* AppSettingsViewController.m */,
			);
			name = "Settings View";
			sourceTree = "<group>";
		};
		DCC755BC112B28540083E453 /* Core Location Singleton */ = {
			isa = PBXGroup;
			children = (
				DC124B6910DAE18600930E0E /* LocationController.h */,
				DC124B6A10DAE18600930E0E /* LocationController.m */,
			);
			name = "Core Location Singleton";
			sourceTree = "<group>";
		};
		DCC755C1112B289B0083E453 /* Help */ = {
			isa = PBXGroup;
			children = (
				DC6398DF10D2F06000E99E79 /* HelpViewController.h */,
				DC6398E010D2F06000E99E79 /* HelpViewController.m */,
			);
			name = Help;
			sourceTree = "<group>";
		};
		DCDEF7A810E0322A001AF8FD /* ASIHTTPRequest */ = {
			isa = PBXGroup;
			children = (
				DCE589A411DBC11700894E0F /* ASIAuthenticationDialog.h */,
				DCE589A511DBC11700894E0F /* ASIAuthenticationDialog.m */,
				DCE589A611DBC11700894E0F /* ASICacheDelegate.h */,
				DCE589A711DBC11700894E0F /* ASIDownloadCache.h */,
				DCE589A811DBC11700894E0F /* ASIDownloadCache.m */,
				DCE589A911DBC11700894E0F /* ASIFormDataRequest.h */,
				DCE589AA11DBC11700894E0F /* ASIFormDataRequest.m */,
				DCE589AB11DBC11700894E0F /* ASIHTTPRequest.h */,
				DCE589AC11DBC11700894E0F /* ASIHTTPRequest.m */,
				DCE589AD11DBC11700894E0F /* ASIHTTPRequestConfig.h */,
				DCE589AE11DBC11700894E0F /* ASIHTTPRequestDelegate.h */,
				DCE589AF11DBC11700894E0F /* ASIInputStream.h */,
				DCE589B011DBC11700894E0F /* ASIInputStream.m */,
				DCE589B111DBC11700894E0F /* ASINetworkQueue.h */,
				DCE589B211DBC11700894E0F /* ASINetworkQueue.m */,
				DCE589B311DBC11700894E0F /* ASIProgressDelegate.h */,
			);
			path = ASIHTTPRequest;
			sourceTree = "<group>";
		};
		DCE949BF10EBF9B80049A498 /* Reachability */ = {
			isa = PBXGroup;
			children = (
				DC6B802A11D91BF800657F94 /* Reachability.h */,
				DC6B802B11D91BF800657F94 /* Reachability.m */,
			);
			path = Reachability;
			sourceTree = "<group>";
		};
/* End PBXGroup section */

/* Begin PBXNativeTarget section */
		1D6058900D05DD3D006BFB54 /* PdxCitizenReport */ = {
			isa = PBXNativeTarget;
			buildConfigurationList = 1D6058960D05DD3E006BFB54 /* Build configuration list for PBXNativeTarget "PdxCitizenReport" */;
			buildPhases = (
				1D60588D0D05DD3D006BFB54 /* Resources */,
				1D60588E0D05DD3D006BFB54 /* Sources */,
				1D60588F0D05DD3D006BFB54 /* Frameworks */,
			);
			buildRules = (
			);
			dependencies = (
			);
			name = PdxCitizenReport;
			productName = PdxCitizenReport;
			productReference = 1D6058910D05DD3D006BFB54 /* PdxCitizenReport.app */;
			productType = "com.apple.product-type.application";
		};
/* End PBXNativeTarget section */

/* Begin PBXProject section */
		29B97313FDCFA39411CA2CEA /* Project object */ = {
			isa = PBXProject;
			buildConfigurationList = C01FCF4E08A954540054247B /* Build configuration list for PBXProject "PdxCitizenReport" */;
			compatibilityVersion = "Xcode 3.1";
			hasScannedForEncodings = 1;
			mainGroup = 29B97314FDCFA39411CA2CEA /* PdxCitizenReport */;
			projectDirPath = "";
			projectRoot = "";
			targets = (
				1D6058900D05DD3D006BFB54 /* PdxCitizenReport */,
			);
		};
/* End PBXProject section */

/* Begin PBXResourcesBuildPhase section */
		1D60588D0D05DD3D006BFB54 /* Resources */ = {
			isa = PBXResourcesBuildPhase;
			buildActionMask = 2147483647;
			files = (
				28AD73880D9D96C1002E5188 /* MainWindow.xib in Resources */,
				DC63983010D2B37E00E99E79 /* NewReportView.xib in Resources */,
				DC63986610D2BCAA00E99E79 /* ReportStatusView.xib in Resources */,
				DC6398E410D2F0B700E99E79 /* HelpView.xib in Resources */,
				A76EC79410DBC53E00587C84 /* AppBusyView.xib in Resources */,
				DCCCC05410EAC64400A2F1F0 /* AppProgressView.xib in Resources */,
				DC1654DA10F26253002DE5B8 /* SetReportLocationView.xib in Resources */,
				DC472B8810F4F3850026EE3F /* Entitlements.plist in Resources */,
				DC89948D10F66C5C00B5DF41 /* AppSettingsView.xib in Resources */,
				A77EEC461101461B001E7185 /* AppLongTextView.xib in Resources */,
				A70F34B31104B302006B390F /* ReportCustomCell.xib in Resources */,
				A763B7C21105539C000E7D1A /* ReportCommentsView.xib in Resources */,
				DC4AD0D61120C25300175EDC /* ReportStatusDetailView.xib in Resources */,
				DC7E8AF011236C9E00759EB4 /* ReportDetailWebView.xib in Resources */,
				DCC755F8112B4E030083E453 /* DisplayLocationView.xib in Resources */,
				DCC7563B112B57580083E453 /* DisplayImageView.xib in Resources */,
				DC3EED3811E6606C00929369 /* airplane.png in Resources */,
				DC3EED3911E6606C00929369 /* appIconLarge.png in Resources */,
				DC3EED3A11E6606C00929369 /* appIconSmall.png in Resources */,
				DC3EED3B11E6606C00929369 /* appIconSmall@2x.png in Resources */,
				DC3EED3C11E6606C00929369 /* background.png in Resources */,
				DC3EED3D11E6606C00929369 /* cancel_button_down_new.png in Resources */,
				DC3EED3E11E6606C00929369 /* cancel_button_up_new.png in Resources */,
				DC3EED3F11E6606C00929369 /* comments area frame.png in Resources */,
				DC3EED4011E6606C00929369 /* cross-hairs-small-black-cropped.png in Resources */,
				DC3EED4111E6606C00929369 /* cross-hairs-small-yellow-cropped.png in Resources */,
				DC3EED4211E6606C00929369 /* Default.png in Resources */,
				DC3EED4311E6606C00929369 /* Default@2x.png in Resources */,
				DC3EED4411E6606C00929369 /* iconHelp.png in Resources */,
				DC3EED4511E6606C00929369 /* iconNewReport.png in Resources */,
				DC3EED4611E6606C00929369 /* iconReportStatus.png in Resources */,
				DC3EED4711E6606C00929369 /* iconSettings.png in Resources */,
				DC3EED4811E6606C00929369 /* large comments area frame.png in Resources */,
				DC3EED4911E6606C00929369 /* large_button_down_new.png in Resources */,
				DC3EED4A11E6606C00929369 /* large_button_up_new.png in Resources */,
				DC3EED4B11E6606C00929369 /* large.application.icon.jpg in Resources */,
				DC3EED4C11E6606C00929369 /* location-small.png in Resources */,
				DC3EED4D11E6606C00929369 /* map.png in Resources */,
				DC3EED4E11E6606C00929369 /* medium_button_down_new.png in Resources */,
				DC3EED4F11E6606C00929369 /* medium_button_up_new.png in Resources */,
				DC3EED5011E6606C00929369 /* photo preview frame.png in Resources */,
				DC3EED5111E6606C00929369 /* Pin.png in Resources */,
				DC3EED5211E6606C00929369 /* primary.screenshot.jpg in Resources */,
				DC3EED5311E6606C00929369 /* small_button_down_new.png in Resources */,
				DC3EED5411E6606C00929369 /* small_button_up_new.png in Resources */,
				DC3EED5511E6606C00929369 /* submit_button_down_new.png in Resources */,
				DC3EED5611E6606C00929369 /* submit_button_up_new.png in Resources */,
				DC5FE23711ECD6130081EDA2 /* map@2x.png in Resources */,
				DC5FE23811ECD6130081EDA2 /* iconSettings@2x.png in Resources */,
				DC5FE23911ECD6130081EDA2 /* iconNewReport@2x.png in Resources */,
				DC5FE23A11ECD6130081EDA2 /* iconHelp@2x.png in Resources */,
			);
			runOnlyForDeploymentPostprocessing = 0;
		};
/* End PBXResourcesBuildPhase section */

/* Begin PBXSourcesBuildPhase section */
		1D60588E0D05DD3D006BFB54 /* Sources */ = {
			isa = PBXSourcesBuildPhase;
			buildActionMask = 2147483647;
			files = (
				1D60589B0D05DD56006BFB54 /* main.m in Sources */,
				1D3623260D0F684500981E51 /* PdxCitizenReportAppDelegate.m in Sources */,
				DC63987910D2BE3500E99E79 /* NewReportViewController.m in Sources */,
				DC63987C10D2BF0400E99E79 /* ReportStatusViewController.m in Sources */,
				DC6398E110D2F06000E99E79 /* HelpViewController.m in Sources */,
				DC124B6B10DAE18600930E0E /* LocationController.m in Sources */,
				A76EC79810DBC55800587C84 /* AppBusyViewController.m in Sources */,
				DCDEF81A10E03971001AF8FD /* Report.m in Sources */,
				DC2D908D10E154680040D1AD /* CRMReportDefinition.m in Sources */,
				DCBCBC7110E183700001E541 /* DDXMLDocument.m in Sources */,
				DCBCBC7210E183700001E541 /* DDXMLElement.m in Sources */,
				DCBCBC7310E183700001E541 /* DDXMLElementAdditions.m in Sources */,
				DCBCBC7410E183700001E541 /* DDXMLNode.m in Sources */,
				DCBCBC7510E183700001E541 /* NSStringAdditions.m in Sources */,
				DC90AEEC10E2A59200FD4E88 /* DataRepository.m in Sources */,
				DCCCC05710EAC66300A2F1F0 /* AppProgressViewController.m in Sources */,
				DC1654DD10F26275002DE5B8 /* SetReportLocationViewController.m in Sources */,
				DC28928310F666E500ED3601 /* AppSettingsViewController.m in Sources */,
				DC64A4EA10FCDF6600D178BD /* AppSettings.m in Sources */,
				A79FD9E910FEC41C00D59D33 /* UIImage+Resize.m in Sources */,
				A764CF291100169900A77F5D /* AppLongTextViewController.m in Sources */,
				A70F34B71104B32E006B390F /* ReportCustomCell.m in Sources */,
				A763B7D8110553D6000E7D1A /* ReportCommentsViewController.m in Sources */,
				DC21FA51112092AB007EA013 /* PDXBoundary.m in Sources */,
				DC4AD0D91120C29800175EDC /* ReportStatusDetailViewController.m in Sources */,
				DC7E8AF311236CC600759EB4 /* ReportDetailWebViewController.m in Sources */,
				DCC755F6112B4DE50083E453 /* DisplayLocationViewController.m in Sources */,
				DCC75635112B57280083E453 /* DisplayImageViewController.m in Sources */,
				DC454F0A112DA61D001F5558 /* LocationPin.m in Sources */,
				DC6B802C11D91BF800657F94 /* Reachability.m in Sources */,
				DCE589B411DBC11700894E0F /* ASIAuthenticationDialog.m in Sources */,
				DCE589B511DBC11700894E0F /* ASIDownloadCache.m in Sources */,
				DCE589B611DBC11700894E0F /* ASIFormDataRequest.m in Sources */,
				DCE589B711DBC11700894E0F /* ASIHTTPRequest.m in Sources */,
				DCE589B811DBC11700894E0F /* ASIInputStream.m in Sources */,
				DCE589B911DBC11700894E0F /* ASINetworkQueue.m in Sources */,
				DCE589FA11DBC33E00894E0F /* UIImage+Alpha.m in Sources */,
				DCE589FB11DBC33E00894E0F /* UIImage+RoundedCorner.m in Sources */,
			);
			runOnlyForDeploymentPostprocessing = 0;
		};
/* End PBXSourcesBuildPhase section */

/* Begin XCBuildConfiguration section */
		1D6058940D05DD3E006BFB54 /* Debug */ = {
			isa = XCBuildConfiguration;
			buildSettings = {
				ALWAYS_SEARCH_USER_PATHS = NO;
				"CODE_SIGN_IDENTITY[sdk=iphoneos3.1.2]" = "iPhone Developer";
				COPY_PHASE_STRIP = NO;
				GCC_DYNAMIC_NO_PIC = NO;
				GCC_OPTIMIZATION_LEVEL = 0;
				GCC_PRECOMPILE_PREFIX_HEADER = YES;
				GCC_PREFIX_HEADER = PdxCitizenReport_Prefix.pch;
				GCC_VERSION = com.apple.compilers.llvm.clang.1_0;
				INFOPLIST_FILE = "PdxCitizenReport-Info.plist";
				PRODUCT_NAME = PdxCitizenReport;
				"PROVISIONING_PROFILE[sdk=iphoneos3.1.2]" = "";
				SDKROOT = iphoneos4.0;
			};
			name = Debug;
		};
		1D6058950D05DD3E006BFB54 /* Release */ = {
			isa = XCBuildConfiguration;
			buildSettings = {
				ALWAYS_SEARCH_USER_PATHS = NO;
				COPY_PHASE_STRIP = YES;
				GCC_PRECOMPILE_PREFIX_HEADER = YES;
				GCC_PREFIX_HEADER = PdxCitizenReport_Prefix.pch;
				GCC_VERSION = 4.2;
				INFOPLIST_FILE = "PdxCitizenReport-Info.plist";
				IPHONEOS_DEPLOYMENT_TARGET = 3.1.2;
				PRODUCT_NAME = PdxCitizenReport;
			};
			name = Release;
		};
		C01FCF4F08A954540054247B /* Debug */ = {
			isa = XCBuildConfiguration;
			buildSettings = {
				ARCHS = "$(ARCHS_STANDARD_32_BIT)";
				"CODE_SIGN_IDENTITY[sdk=iphoneos*]" = "iPhone Developer";
				GCC_C_LANGUAGE_STANDARD = c99;
				GCC_WARN_ABOUT_RETURN_TYPE = YES;
				GCC_WARN_UNUSED_VARIABLE = YES;
				HEADER_SEARCH_PATHS = /usr/include/libxml2;
				IPHONEOS_DEPLOYMENT_TARGET = 3.1.2;
				OTHER_LDFLAGS = "-lxml2";
				PREBINDING = NO;
				SDKROOT = iphonesimulator4.0;
			};
			name = Debug;
		};
		C01FCF5008A954540054247B /* Release */ = {
			isa = XCBuildConfiguration;
			buildSettings = {
				ARCHS = "$(ARCHS_STANDARD_32_BIT)";
				"CODE_SIGN_IDENTITY[sdk=iphoneos*]" = "iPhone Developer";
				GCC_C_LANGUAGE_STANDARD = c99;
				GCC_WARN_ABOUT_RETURN_TYPE = YES;
				GCC_WARN_UNUSED_VARIABLE = YES;
				HEADER_SEARCH_PATHS = /usr/include/libxml2;
				OTHER_LDFLAGS = "-lxml2";
				PREBINDING = NO;
				SDKROOT = iphonesimulator4.0;
			};
			name = Release;
		};
		DC12C40B110623FF008B1C1C /* Distribution */ = {
			isa = XCBuildConfiguration;
			buildSettings = {
				ARCHS = "$(ARCHS_STANDARD_32_BIT)";
				"CODE_SIGN_IDENTITY[sdk=iphoneos*]" = "iPhone Distribution: City of Portland";
				GCC_C_LANGUAGE_STANDARD = c99;
				GCC_WARN_ABOUT_RETURN_TYPE = YES;
				GCC_WARN_UNUSED_VARIABLE = YES;
				HEADER_SEARCH_PATHS = /usr/include/libxml2;
				OTHER_LDFLAGS = "-lxml2";
				PREBINDING = NO;
				"PROVISIONING_PROFILE[sdk=iphoneos*]" = "6EDD3A08-BCA9-4A6C-BC92-9AFF5EB24F57";
				SDKROOT = iphonesimulator4.0;
			};
			name = Distribution;
		};
		DC12C40C110623FF008B1C1C /* Distribution */ = {
			isa = XCBuildConfiguration;
			buildSettings = {
				ALWAYS_SEARCH_USER_PATHS = NO;
				COPY_PHASE_STRIP = YES;
				GCC_PRECOMPILE_PREFIX_HEADER = YES;
				GCC_PREFIX_HEADER = PdxCitizenReport_Prefix.pch;
				INFOPLIST_FILE = "PdxCitizenReport-Info.plist";
				PRODUCT_NAME = PdxCitizenReport;
			};
			name = Distribution;
		};
/* End XCBuildConfiguration section */

/* Begin XCConfigurationList section */
		1D6058960D05DD3E006BFB54 /* Build configuration list for PBXNativeTarget "PdxCitizenReport" */ = {
			isa = XCConfigurationList;
			buildConfigurations = (
				1D6058940D05DD3E006BFB54 /* Debug */,
				1D6058950D05DD3E006BFB54 /* Release */,
				DC12C40C110623FF008B1C1C /* Distribution */,
			);
			defaultConfigurationIsVisible = 0;
			defaultConfigurationName = Release;
		};
		C01FCF4E08A954540054247B /* Build configuration list for PBXProject "PdxCitizenReport" */ = {
			isa = XCConfigurationList;
			buildConfigurations = (
				C01FCF4F08A954540054247B /* Debug */,
				C01FCF5008A954540054247B /* Release */,
				DC12C40B110623FF008B1C1C /* Distribution */,
			);
			defaultConfigurationIsVisible = 0;
			defaultConfigurationName = Release;
		};
/* End XCConfigurationList section */
	};
	rootObject = 29B97313FDCFA39411CA2CEA /* Project object */;
}
